// !$*UTF8*$!
{
	archiveVersion = 1;
	classes = {
	};
	objectVersion = 55;
	objects = {

/* Begin PBXBuildFile section */
		9C03D598276F1C0700750422 /* MyHeroAppWithSwiftUIApp.swift in Sources */ = {isa = PBXBuildFile; fileRef = 9C03D597276F1C0700750422 /* MyHeroAppWithSwiftUIApp.swift */; };
		9C03D59A276F1C0700750422 /* ContentView.swift in Sources */ = {isa = PBXBuildFile; fileRef = 9C03D599276F1C0700750422 /* ContentView.swift */; };
		9C03D59C276F1C0900750422 /* Assets.xcassets in Resources */ = {isa = PBXBuildFile; fileRef = 9C03D59B276F1C0900750422 /* Assets.xcassets */; };
		9C03D59F276F1C0900750422 /* Preview Assets.xcassets in Resources */ = {isa = PBXBuildFile; fileRef = 9C03D59E276F1C0900750422 /* Preview Assets.xcassets */; };
		9C03D5A6276F1C9800750422 /* Hero.swift in Sources */ = {isa = PBXBuildFile; fileRef = 9C03D5A5276F1C9800750422 /* Hero.swift */; };
		9C03D5A8276F1D0100750422 /* DummyHeroes.swift in Sources */ = {isa = PBXBuildFile; fileRef = 9C03D5A7276F1D0100750422 /* DummyHeroes.swift */; };
		9C03D5AE276F1DA900750422 /* HeroDetail.swift in Sources */ = {isa = PBXBuildFile; fileRef = 9C03D5AD276F1DA900750422 /* HeroDetail.swift */; };
		9C03D5B0276F219000750422 /* HeroRow.swift in Sources */ = {isa = PBXBuildFile; fileRef = 9C03D5AF276F219000750422 /* HeroRow.swift */; };
		9C03D5B2276F233900750422 /* HeroList.swift in Sources */ = {isa = PBXBuildFile; fileRef = 9C03D5B1276F233900750422 /* HeroList.swift */; };
/* End PBXBuildFile section */

/* Begin PBXFileReference section */
		9C03D594276F1C0700750422 /* MyHeroAppWithSwiftUI.app */ = {isa = PBXFileReference; explicitFileType = wrapper.application; includeInIndex = 0; path = MyHeroAppWithSwiftUI.app; sourceTree = BUILT_PRODUCTS_DIR; };
		9C03D597276F1C0700750422 /* MyHeroAppWithSwiftUIApp.swift */ = {isa = PBXFileReference; lastKnownFileType = sourcecode.swift; path = MyHeroAppWithSwiftUIApp.swift; sourceTree = "<group>"; };
		9C03D599276F1C0700750422 /* ContentView.swift */ = {isa = PBXFileReference; lastKnownFileType = sourcecode.swift; path = ContentView.swift; sourceTree = "<group>"; };
		9C03D59B276F1C0900750422 /* Assets.xcassets */ = {isa = PBXFileReference; lastKnownFileType = folder.assetcatalog; path = Assets.xcassets; sourceTree = "<group>"; };
		9C03D59E276F1C0900750422 /* Preview Assets.xcassets */ = {isa = PBXFileReference; lastKnownFileType = folder.assetcatalog; path = "Preview Assets.xcassets"; sourceTree = "<group>"; };
		9C03D5A5276F1C9800750422 /* Hero.swift */ = {isa = PBXFileReference; lastKnownFileType = sourcecode.swift; path = Hero.swift; sourceTree = "<group>"; };
		9C03D5A7276F1D0100750422 /* DummyHeroes.swift */ = {isa = PBXFileReference; lastKnownFileType = sourcecode.swift; path = DummyHeroes.swift; sourceTree = "<group>"; };
		9C03D5AD276F1DA900750422 /* HeroDetail.swift */ = {isa = PBXFileReference; lastKnownFileType = sourcecode.swift; path = HeroDetail.swift; sourceTree = "<group>"; };
		9C03D5AF276F219000750422 /* HeroRow.swift */ = {isa = PBXFileReference; lastKnownFileType = sourcecode.swift; path = HeroRow.swift; sourceTree = "<group>"; };
		9C03D5B1276F233900750422 /* HeroList.swift */ = {isa = PBXFileReference; lastKnownFileType = sourcecode.swift; path = HeroList.swift; sourceTree = "<group>"; };
/* End PBXFileReference section */

/* Begin PBXFrameworksBuildPhase section */
		9C03D591276F1C0700750422 /* Frameworks */ = {
			isa = PBXFrameworksBuildPhase;
			buildActionMask = 2147483647;
			files = (
			);
			runOnlyForDeploymentPostprocessing = 0;
		};
/* End PBXFrameworksBuildPhase section */

/* Begin PBXGroup section */
		9C03D58B276F1C0700750422 = {
			isa = PBXGroup;
			children = (
				9C03D596276F1C0700750422 /* MyHeroAppWithSwiftUI */,
				9C03D595276F1C0700750422 /* Products */,
			);
			sourceTree = "<group>";
		};
		9C03D595276F1C0700750422 /* Products */ = {
			isa = PBXGroup;
			children = (
				9C03D594276F1C0700750422 /* MyHeroAppWithSwiftUI.app */,
			);
			name = Products;
			sourceTree = "<group>";
		};
		9C03D596276F1C0700750422 /* MyHeroAppWithSwiftUI */ = {
			isa = PBXGroup;
			children = (
				9C03D5AC276F1D4E00750422 /* View */,
				9C03D5AA276F1D3B00750422 /* Model */,
				9C03D5A9276F1D2C00750422 /* Base */,
				9C03D597276F1C0700750422 /* MyHeroAppWithSwiftUIApp.swift */,
				9C03D59B276F1C0900750422 /* Assets.xcassets */,
				9C03D59D276F1C0900750422 /* Preview Content */,
			);
			path = MyHeroAppWithSwiftUI;
			sourceTree = "<group>";
		};
		9C03D59D276F1C0900750422 /* Preview Content */ = {
			isa = PBXGroup;
			children = (
				9C03D59E276F1C0900750422 /* Preview Assets.xcassets */,
			);
			path = "Preview Content";
			sourceTree = "<group>";
		};
		9C03D5A9276F1D2C00750422 /* Base */ = {
			isa = PBXGroup;
			children = (
			);
			path = Base;
			sourceTree = "<group>";
		};
		9C03D5AA276F1D3B00750422 /* Model */ = {
			isa = PBXGroup;
			children = (
				9C03D5A5276F1C9800750422 /* Hero.swift */,
				9C03D5A7276F1D0100750422 /* DummyHeroes.swift */,
			);
			path = Model;
			sourceTree = "<group>";
		};
		9C03D5AC276F1D4E00750422 /* View */ = {
			isa = PBXGroup;
			children = (
				9C03D599276F1C0700750422 /* ContentView.swift */,
				9C03D5AD276F1DA900750422 /* HeroDetail.swift */,
				9C03D5AF276F219000750422 /* HeroRow.swift */,
				9C03D5B1276F233900750422 /* HeroList.swift */,
			);
			path = View;
			sourceTree = "<group>";
		};
/* End PBXGroup section */

/* Begin PBXNativeTarget section */
		9C03D593276F1C0700750422 /* MyHeroAppWithSwiftUI */ = {
			isa = PBXNativeTarget;
			buildConfigurationList = 9C03D5A2276F1C0900750422 /* Build configuration list for PBXNativeTarget "MyHeroAppWithSwiftUI" */;
			buildPhases = (
				9C03D590276F1C0700750422 /* Sources */,
				9C03D591276F1C0700750422 /* Frameworks */,
				9C03D592276F1C0700750422 /* Resources */,
			);
			buildRules = (
			);
			dependencies = (
			);
			name = MyHeroAppWithSwiftUI;
			productName = MyHeroAppWithSwiftUI;
			productReference = 9C03D594276F1C0700750422 /* MyHeroAppWithSwiftUI.app */;
			productType = "com.apple.product-type.application";
		};
/* End PBXNativeTarget section */

/* Begin PBXProject section */
		9C03D58C276F1C0700750422 /* Project object */ = {
			isa = PBXProject;
			attributes = {
				BuildIndependentTargetsInParallel = 1;
				LastSwiftUpdateCheck = 1310;
				LastUpgradeCheck = 1310;
				TargetAttributes = {
					9C03D593276F1C0700750422 = {
						CreatedOnToolsVersion = 13.1;
					};
				};
			};
			buildConfigurationList = 9C03D58F276F1C0700750422 /* Build configuration list for PBXProject "MyHeroAppWithSwiftUI" */;
			compatibilityVersion = "Xcode 13.0";
			developmentRegion = en;
			hasScannedForEncodings = 0;
			knownRegions = (
				en,
				Base,
			);
			mainGroup = 9C03D58B276F1C0700750422;
			productRefGroup = 9C03D595276F1C0700750422 /* Products */;
			projectDirPath = "";
			projectRoot = "";
			targets = (
				9C03D593276F1C0700750422 /* MyHeroAppWithSwiftUI */,
			);
		};
/* End PBXProject section */

/* Begin PBXResourcesBuildPhase section */
		9C03D592276F1C0700750422 /* Resources */ = {
			isa = PBXResourcesBuildPhase;
			buildActionMask = 2147483647;
			files = (
				9C03D59F276F1C0900750422 /* Preview Assets.xcassets in Resources */,
				9C03D59C276F1C0900750422 /* Assets.xcassets in Resources */,
			);
			runOnlyForDeploymentPostprocessing = 0;
		};
/* End PBXResourcesBuildPhase section */

/* Begin PBXSourcesBuildPhase section */
		9C03D590276F1C0700750422 /* Sources */ = {
			isa = PBXSourcesBuildPhase;
			buildActionMask = 2147483647;
			files = (
				9C03D59A276F1C0700750422 /* ContentView.swift in Sources */,
				9C03D598276F1C0700750422 /* MyHeroAppWithSwiftUIApp.swift in Sources */,
				9C03D5B0276F219000750422 /* HeroRow.swift in Sources */,
				9C03D5A8276F1D0100750422 /* DummyHeroes.swift in Sources */,
				9C03D5B2276F233900750422 /* HeroList.swift in Sources */,
				9C03D5AE276F1DA900750422 /* HeroDetail.swift in Sources */,
				9C03D5A6276F1C9800750422 /* Hero.swift in Sources */,
			);
			runOnlyForDeploymentPostprocessing = 0;
		};
/* End PBXSourcesBuildPhase section */

/* Begin XCBuildConfiguration section */
		9C03D5A0276F1C0900750422 /* Debug */ = {
			isa = XCBuildConfiguration;
			buildSettings = {
				ALWAYS_SEARCH_USER_PATHS = NO;
				CLANG_ANALYZER_NONNULL = YES;
				CLANG_ANALYZER_NUMBER_OBJECT_CONVERSION = YES_AGGRESSIVE;
				CLANG_CXX_LANGUAGE_STANDARD = "gnu++17";
				CLANG_CXX_LIBRARY = "libc++";
				CLANG_ENABLE_MODULES = YES;
				CLANG_ENABLE_OBJC_ARC = YES;
				CLANG_ENABLE_OBJC_WEAK = YES;
				CLANG_WARN_BLOCK_CAPTURE_AUTORELEASING = YES;
				CLANG_WARN_BOOL_CONVERSION = YES;
				CLANG_WARN_COMMA = YES;
				CLANG_WARN_CONSTANT_CONVERSION = YES;
				CLANG_WARN_DEPRECATED_OBJC_IMPLEMENTATIONS = YES;
				CLANG_WARN_DIRECT_OBJC_ISA_USAGE = YES_ERROR;
				CLANG_WARN_DOCUMENTATION_COMMENTS = YES;
				CLANG_WARN_EMPTY_BODY = YES;
				CLANG_WARN_ENUM_CONVERSION = YES;
				CLANG_WARN_INFINITE_RECURSION = YES;
				CLANG_WARN_INT_CONVERSION = YES;
				CLANG_WARN_NON_LITERAL_NULL_CONVERSION = YES;
				CLANG_WARN_OBJC_IMPLICIT_RETAIN_SELF = YES;
				CLANG_WARN_OBJC_LITERAL_CONVERSION = YES;
				CLANG_WARN_OBJC_ROOT_CLASS = YES_ERROR;
				CLANG_WARN_QUOTED_INCLUDE_IN_FRAMEWORK_HEADER = YES;
				CLANG_WARN_RANGE_LOOP_ANALYSIS = YES;
				CLANG_WARN_STRICT_PROTOTYPES = YES;
				CLANG_WARN_SUSPICIOUS_MOVE = YES;
				CLANG_WARN_UNGUARDED_AVAILABILITY = YES_AGGRESSIVE;
				CLANG_WARN_UNREACHABLE_CODE = YES;
				CLANG_WARN__DUPLICATE_METHOD_MATCH = YES;
				COPY_PHASE_STRIP = NO;
				DEBUG_INFORMATION_FORMAT = dwarf;
				ENABLE_STRICT_OBJC_MSGSEND = YES;
				ENABLE_TESTABILITY = YES;
				GCC_C_LANGUAGE_STANDARD = gnu11;
				GCC_DYNAMIC_NO_PIC = NO;
				GCC_NO_COMMON_BLOCKS = YES;
				GCC_OPTIMIZATION_LEVEL = 0;
				GCC_PREPROCESSOR_DEFINITIONS = (
					"DEBUG=1",
					"$(inherited)",
				);
				GCC_WARN_64_TO_32_BIT_CONVERSION = YES;
				GCC_WARN_ABOUT_RETURN_TYPE = YES_ERROR;
				GCC_WARN_UNDECLARED_SELECTOR = YES;
				GCC_WARN_UNINITIALIZED_AUTOS = YES_AGGRESSIVE;
				GCC_WARN_UNUSED_FUNCTION = YES;
				GCC_WARN_UNUSED_VARIABLE = YES;
				IPHONEOS_DEPLOYMENT_TARGET = 15.0;
				MTL_ENABLE_DEBUG_INFO = INCLUDE_SOURCE;
				MTL_FAST_MATH = YES;
				ONLY_ACTIVE_ARCH = YES;
				SDKROOT = iphoneos;
				SWIFT_ACTIVE_COMPILATION_CONDITIONS = DEBUG;
				SWIFT_OPTIMIZATION_LEVEL = "-Onone";
			};
			name = Debug;
		};
		9C03D5A1276F1C0900750422 /* Release */ = {
			isa = XCBuildConfiguration;
			buildSettings = {
				ALWAYS_SEARCH_USER_PATHS = NO;
				CLANG_ANALYZER_NONNULL = YES;
				CLANG_ANALYZER_NUMBER_OBJECT_CONVERSION = YES_AGGRESSIVE;
				CLANG_CXX_LANGUAGE_STANDARD = "gnu++17";
				CLANG_CXX_LIBRARY = "libc++";
				CLANG_ENABLE_MODULES = YES;
				CLANG_ENABLE_OBJC_ARC = YES;
				CLANG_ENABLE_OBJC_WEAK = YES;
				CLANG_WARN_BLOCK_CAPTURE_AUTORELEASING = YES;
				CLANG_WARN_BOOL_CONVERSION = YES;
				CLANG_WARN_COMMA = YES;
				CLANG_WARN_CONSTANT_CONVERSION = YES;
				CLANG_WARN_DEPRECATED_OBJC_IMPLEMENTATIONS = YES;
				CLANG_WARN_DIRECT_OBJC_ISA_USAGE = YES_ERROR;
				CLANG_WARN_DOCUMENTATION_COMMENTS = YES;
				CLANG_WARN_EMPTY_BODY = YES;
				CLANG_WARN_ENUM_CONVERSION = YES;
				CLANG_WARN_INFINITE_RECURSION = YES;
				CLANG_WARN_INT_CONVERSION = YES;
				CLANG_WARN_NON_LITERAL_NULL_CONVERSION = YES;
				CLANG_WARN_OBJC_IMPLICIT_RETAIN_SELF = YES;
				CLANG_WARN_OBJC_LITERAL_CONVERSION = YES;
				CLANG_WARN_OBJC_ROOT_CLASS = YES_ERROR;
				CLANG_WARN_QUOTED_INCLUDE_IN_FRAMEWORK_HEADER = YES;
				CLANG_WARN_RANGE_LOOP_ANALYSIS = YES;
				CLANG_WARN_STRICT_PROTOTYPES = YES;
				CLANG_WARN_SUSPICIOUS_MOVE = YES;
				CLANG_WARN_UNGUARDED_AVAILABILITY = YES_AGGRESSIVE;
				CLANG_WARN_UNREACHABLE_CODE = YES;
				CLANG_WARN__DUPLICATE_METHOD_MATCH = YES;
				COPY_PHASE_STRIP = NO;
				DEBUG_INFORMATION_FORMAT = "dwarf-with-dsym";
				ENABLE_NS_ASSERTIONS = NO;
				ENABLE_STRICT_OBJC_MSGSEND = YES;
				GCC_C_LANGUAGE_STANDARD = gnu11;
				GCC_NO_COMMON_BLOCKS = YES;
				GCC_WARN_64_TO_32_BIT_CONVERSION = YES;
				GCC_WARN_ABOUT_RETURN_TYPE = YES_ERROR;
				GCC_WARN_UNDECLARED_SELECTOR = YES;
				GCC_WARN_UNINITIALIZED_AUTOS = YES_AGGRESSIVE;
				GCC_WARN_UNUSED_FUNCTION = YES;
				GCC_WARN_UNUSED_VARIABLE = YES;
				IPHONEOS_DEPLOYMENT_TARGET = 15.0;
				MTL_ENABLE_DEBUG_INFO = NO;
				MTL_FAST_MATH = YES;
				SDKROOT = iphoneos;
				SWIFT_COMPILATION_MODE = wholemodule;
				SWIFT_OPTIMIZATION_LEVEL = "-O";
				VALIDATE_PRODUCT = YES;
			};
			name = Release;
		};
		9C03D5A3276F1C0900750422 /* Debug */ = {
			isa = XCBuildConfiguration;
			buildSettings = {
				ASSETCATALOG_COMPILER_APPICON_NAME = AppIcon;
				ASSETCATALOG_COMPILER_GLOBAL_ACCENT_COLOR_NAME = AccentColor;
				CODE_SIGN_STYLE = Automatic;
				CURRENT_PROJECT_VERSION = 1;
				DEVELOPMENT_ASSET_PATHS = "\"MyHeroAppWithSwiftUI/Preview Content\"";
				ENABLE_PREVIEWS = YES;
				GENERATE_INFOPLIST_FILE = YES;
				INFOPLIST_KEY_UIApplicationSceneManifest_Generation = YES;
				INFOPLIST_KEY_UIApplicationSupportsIndirectInputEvents = YES;
				INFOPLIST_KEY_UILaunchScreen_Generation = YES;
				INFOPLIST_KEY_UISupportedInterfaceOrientations_iPad = "UIInterfaceOrientationPortrait UIInterfaceOrientationPortraitUpsideDown UIInterfaceOrientationLandscapeLeft UIInterfaceOrientationLandscapeRight";
				INFOPLIST_KEY_UISupportedInterfaceOrientations_iPhone = "UIInterfaceOrientationPortrait UIInterfaceOrientationLandscapeLeft UIInterfaceOrientationLandscapeRight";
				LD_RUNPATH_SEARCH_PATHS = (
					"$(inherited)",
					"@executable_path/Frameworks",
				);
				MARKETING_VERSION = 1.0;
				PRODUCT_BUNDLE_IDENTIFIER = com.lessthanthree.MyHeroAppWithSwiftUI;
				PRODUCT_NAME = "$(TARGET_NAME)";
				SWIFT_EMIT_LOC_STRINGS = YES;
				SWIFT_VERSION = 5.0;
				TARGETED_DEVICE_FAMILY = "1,2";
			};
			name = Debug;
		};
		9C03D5A4276F1C0900750422 /* Release */ = {
			isa = XCBuildConfiguration;
			buildSettings = {
				ASSETCATALOG_COMPILER_APPICON_NAME = AppIcon;
				ASSETCATALOG_COMPILER_GLOBAL_ACCENT_COLOR_NAME = AccentColor;
				CODE_SIGN_STYLE = Automatic;
				CURRENT_PROJECT_VERSION = 1;
				DEVELOPMENT_ASSET_PATHS = "\"MyHeroAppWithSwiftUI/Preview Content\"";
				ENABLE_PREVIEWS = YES;
				GENERATE_INFOPLIST_FILE = YES;
				INFOPLIST_KEY_UIApplicationSceneManifest_Generation = YES;
				INFOPLIST_KEY_UIApplicationSupportsIndirectInputEvents = YES;
				INFOPLIST_KEY_UILaunchScreen_Generation = YES;
				INFOPLIST_KEY_UISupportedInterfaceOrientations_iPad = "UIInterfaceOrientationPortrait UIInterfaceOrientationPortraitUpsideDown UIInterfaceOrientationLandscapeLeft UIInterfaceOrientationLandscapeRight";
				INFOPLIST_KEY_UISupportedInterfaceOrientations_iPhone = "UIInterfaceOrientationPortrait UIInterfaceOrientationLandscapeLeft UIInterfaceOrientationLandscapeRight";
				LD_RUNPATH_SEARCH_PATHS = (
					"$(inherited)",
					"@executable_path/Frameworks",
				);
				MARKETING_VERSION = 1.0;
				PRODUCT_BUNDLE_IDENTIFIER = com.lessthanthree.MyHeroAppWithSwiftUI;
				PRODUCT_NAME = "$(TARGET_NAME)";
				SWIFT_EMIT_LOC_STRINGS = YES;
				SWIFT_VERSION = 5.0;
				TARGETED_DEVICE_FAMILY = "1,2";
			};
			name = Release;
		};
/* End XCBuildConfiguration section */

/* Begin XCConfigurationList section */
		9C03D58F276F1C0700750422 /* Build configuration list for PBXProject "MyHeroAppWithSwiftUI" */ = {
			isa = XCConfigurationList;
			buildConfigurations = (
				9C03D5A0276F1C0900750422 /* Debug */,
				9C03D5A1276F1C0900750422 /* Release */,
			);
			defaultConfigurationIsVisible = 0;
			defaultConfigurationName = Release;
		};
		9C03D5A2276F1C0900750422 /* Build configuration list for PBXNativeTarget "MyHeroAppWithSwiftUI" */ = {
			isa = XCConfigurationList;
			buildConfigurations = (
				9C03D5A3276F1C0900750422 /* Debug */,
				9C03D5A4276F1C0900750422 /* Release */,
			);
			defaultConfigurationIsVisible = 0;
			defaultConfigurationName = Release;
		};
/* End XCConfigurationList section */
	};
	rootObject = 9C03D58C276F1C0700750422 /* Project object */;
}
